// !$*UTF8*$!
{
	archiveVersion = 1;
	classes = {
	};
	objectVersion = 55;
	objects = {

/* Begin PBXBuildFile section */
		A12F3C90281A73C700C022D5 /* WishCategoryCoreDataStore.swift in Sources */ = {isa = PBXBuildFile; fileRef = A12F3C8D281A73C700C022D5 /* WishCategoryCoreDataStore.swift */; };
		A12F3C91281A73C700C022D5 /* WishItemStoreProtocol.swift in Sources */ = {isa = PBXBuildFile; fileRef = A12F3C8E281A73C700C022D5 /* WishItemStoreProtocol.swift */; };
		A12F3C92281A73C700C022D5 /* WishCategoryStoreProtocol.swift in Sources */ = {isa = PBXBuildFile; fileRef = A12F3C8F281A73C700C022D5 /* WishCategoryStoreProtocol.swift */; };
		A12F3C98281A77F400C022D5 /* WishItemCoreDataStore.swift in Sources */ = {isa = PBXBuildFile; fileRef = A12F3C97281A77F400C022D5 /* WishItemCoreDataStore.swift */; };
		A12F3C9A281A8E9900C022D5 /* WishItemDummyDataStore.swift in Sources */ = {isa = PBXBuildFile; fileRef = A12F3C99281A8E9900C022D5 /* WishItemDummyDataStore.swift */; };
		A12F3C9D281AAFDC00C022D5 /* Observer.swift in Sources */ = {isa = PBXBuildFile; fileRef = A12F3C9C281AAFDC00C022D5 /* Observer.swift */; };
		A12F3C9F281AB05A00C022D5 /* Observable.swift in Sources */ = {isa = PBXBuildFile; fileRef = A12F3C9E281AB05A00C022D5 /* Observable.swift */; };
		A12F3CA1281AB17A00C022D5 /* WishItemsObservable.swift in Sources */ = {isa = PBXBuildFile; fileRef = A12F3CA0281AB17A00C022D5 /* WishItemsObservable.swift */; };
		A12F3CA7281AF4BC00C022D5 /* ManagedWishCategory+CoreDataProperties.swift in Sources */ = {isa = PBXBuildFile; fileRef = A12F3CA6281AF4BC00C022D5 /* ManagedWishCategory+CoreDataProperties.swift */; };
		A12F3CAF281AF57900C022D5 /* ManagedWishItem+CoreDataProperties.swift in Sources */ = {isa = PBXBuildFile; fileRef = A12F3CAC281AF57900C022D5 /* ManagedWishItem+CoreDataProperties.swift */; };
		A12F3CB6281AF73900C022D5 /* ManagedImage+CoreDataClass.swift in Sources */ = {isa = PBXBuildFile; fileRef = A12F3CB4281AF73900C022D5 /* ManagedImage+CoreDataClass.swift */; };
		A12F3CB7281AF73900C022D5 /* ManagedImage+CoreDataProperties.swift in Sources */ = {isa = PBXBuildFile; fileRef = A12F3CB5281AF73900C022D5 /* ManagedImage+CoreDataProperties.swift */; };
		A152F2B0281AFB4A003F56B0 /* EditImagesCollectionViewCell.swift in Sources */ = {isa = PBXBuildFile; fileRef = A152F2AE281AFB4A003F56B0 /* EditImagesCollectionViewCell.swift */; };
		A152F2B1281AFB4A003F56B0 /* EditImagesCollectionViewCell.xib in Resources */ = {isa = PBXBuildFile; fileRef = A152F2AF281AFB4A003F56B0 /* EditImagesCollectionViewCell.xib */; };
		A172540E281A4534007A9952 /* DetailViewController.swift in Sources */ = {isa = PBXBuildFile; fileRef = A172540D281A4534007A9952 /* DetailViewController.swift */; };
		A172543A281A5501007A9952 /* WishItem.swift in Sources */ = {isa = PBXBuildFile; fileRef = A1725439281A5501007A9952 /* WishItem.swift */; };
		A172543C281A577F007A9952 /* WishCategory.swift in Sources */ = {isa = PBXBuildFile; fileRef = A172543B281A577F007A9952 /* WishCategory.swift */; };
		A172544E281A5A3A007A9952 /* Link.swift in Sources */ = {isa = PBXBuildFile; fileRef = A172544D281A5A3A007A9952 /* Link.swift */; };
		A1725460281A6BF7007A9952 /* ManagedWishCategory+CoreDataClass.swift in Sources */ = {isa = PBXBuildFile; fileRef = A172545A281A6BF7007A9952 /* ManagedWishCategory+CoreDataClass.swift */; };
		A1725462281A6BF7007A9952 /* ManagedWishItem+CoreDataClass.swift in Sources */ = {isa = PBXBuildFile; fileRef = A172545C281A6BF7007A9952 /* ManagedWishItem+CoreDataClass.swift */; };
		A1725464281A6BF7007A9952 /* ManagedLink+CoreDataClass.swift in Sources */ = {isa = PBXBuildFile; fileRef = A172545E281A6BF7007A9952 /* ManagedLink+CoreDataClass.swift */; };
		A1725465281A6BF7007A9952 /* ManagedLink+CoreDataProperties.swift in Sources */ = {isa = PBXBuildFile; fileRef = A172545F281A6BF7007A9952 /* ManagedLink+CoreDataProperties.swift */; };
		A19356C12819A9AF00CD041F /* .gitignore in Resources */ = {isa = PBXBuildFile; fileRef = A19356C02819A9AF00CD041F /* .gitignore */; };
		A1B54C8A28199FE200E5446E /* AppDelegate.swift in Sources */ = {isa = PBXBuildFile; fileRef = A1B54C8928199FE200E5446E /* AppDelegate.swift */; };
		A1B54C8C28199FE200E5446E /* SceneDelegate.swift in Sources */ = {isa = PBXBuildFile; fileRef = A1B54C8B28199FE200E5446E /* SceneDelegate.swift */; };
		A1B54C8E28199FE200E5446E /* ViewController.swift in Sources */ = {isa = PBXBuildFile; fileRef = A1B54C8D28199FE200E5446E /* ViewController.swift */; };
		A1B54C9128199FE200E5446E /* Main.storyboard in Resources */ = {isa = PBXBuildFile; fileRef = A1B54C8F28199FE200E5446E /* Main.storyboard */; };
		A1B54C9428199FE200E5446E /* NC1.xcdatamodeld in Sources */ = {isa = PBXBuildFile; fileRef = A1B54C9228199FE200E5446E /* NC1.xcdatamodeld */; };
		A1B54C9628199FE200E5446E /* Assets.xcassets in Resources */ = {isa = PBXBuildFile; fileRef = A1B54C9528199FE200E5446E /* Assets.xcassets */; };
		A1B54C9928199FE200E5446E /* LaunchScreen.storyboard in Resources */ = {isa = PBXBuildFile; fileRef = A1B54C9728199FE200E5446E /* LaunchScreen.storyboard */; };
/* End PBXBuildFile section */

/* Begin PBXFileReference section */
		A12F3C8D281A73C700C022D5 /* WishCategoryCoreDataStore.swift */ = {isa = PBXFileReference; fileEncoding = 4; lastKnownFileType = sourcecode.swift; path = WishCategoryCoreDataStore.swift; sourceTree = "<group>"; };
		A12F3C8E281A73C700C022D5 /* WishItemStoreProtocol.swift */ = {isa = PBXFileReference; fileEncoding = 4; lastKnownFileType = sourcecode.swift; path = WishItemStoreProtocol.swift; sourceTree = "<group>"; };
		A12F3C8F281A73C700C022D5 /* WishCategoryStoreProtocol.swift */ = {isa = PBXFileReference; fileEncoding = 4; lastKnownFileType = sourcecode.swift; path = WishCategoryStoreProtocol.swift; sourceTree = "<group>"; };
		A12F3C97281A77F400C022D5 /* WishItemCoreDataStore.swift */ = {isa = PBXFileReference; lastKnownFileType = sourcecode.swift; path = WishItemCoreDataStore.swift; sourceTree = "<group>"; };
		A12F3C99281A8E9900C022D5 /* WishItemDummyDataStore.swift */ = {isa = PBXFileReference; lastKnownFileType = sourcecode.swift; path = WishItemDummyDataStore.swift; sourceTree = "<group>"; };
		A12F3C9C281AAFDC00C022D5 /* Observer.swift */ = {isa = PBXFileReference; lastKnownFileType = sourcecode.swift; path = Observer.swift; sourceTree = "<group>"; };
		A12F3C9E281AB05A00C022D5 /* Observable.swift */ = {isa = PBXFileReference; lastKnownFileType = sourcecode.swift; path = Observable.swift; sourceTree = "<group>"; };
		A12F3CA0281AB17A00C022D5 /* WishItemsObservable.swift */ = {isa = PBXFileReference; lastKnownFileType = sourcecode.swift; path = WishItemsObservable.swift; sourceTree = "<group>"; };
		A12F3CA6281AF4BC00C022D5 /* ManagedWishCategory+CoreDataProperties.swift */ = {isa = PBXFileReference; fileEncoding = 4; lastKnownFileType = sourcecode.swift; name = "ManagedWishCategory+CoreDataProperties.swift"; path = "../../../../../.Trash/ManagedWishCategory+CoreDataProperties.swift"; sourceTree = "<group>"; };
		A12F3CAC281AF57900C022D5 /* ManagedWishItem+CoreDataProperties.swift */ = {isa = PBXFileReference; lastKnownFileType = sourcecode.swift; path = "ManagedWishItem+CoreDataProperties.swift"; sourceTree = "<group>"; };
		A12F3CB4281AF73900C022D5 /* ManagedImage+CoreDataClass.swift */ = {isa = PBXFileReference; lastKnownFileType = sourcecode.swift; path = "ManagedImage+CoreDataClass.swift"; sourceTree = "<group>"; };
		A12F3CB5281AF73900C022D5 /* ManagedImage+CoreDataProperties.swift */ = {isa = PBXFileReference; lastKnownFileType = sourcecode.swift; path = "ManagedImage+CoreDataProperties.swift"; sourceTree = "<group>"; };
		A152F2AE281AFB4A003F56B0 /* EditImagesCollectionViewCell.swift */ = {isa = PBXFileReference; lastKnownFileType = sourcecode.swift; path = EditImagesCollectionViewCell.swift; sourceTree = "<group>"; };
		A152F2AF281AFB4A003F56B0 /* EditImagesCollectionViewCell.xib */ = {isa = PBXFileReference; lastKnownFileType = file.xib; path = EditImagesCollectionViewCell.xib; sourceTree = "<group>"; };
		A172540D281A4534007A9952 /* DetailViewController.swift */ = {isa = PBXFileReference; lastKnownFileType = sourcecode.swift; path = DetailViewController.swift; sourceTree = "<group>"; };
		A1725439281A5501007A9952 /* WishItem.swift */ = {isa = PBXFileReference; lastKnownFileType = sourcecode.swift; path = WishItem.swift; sourceTree = "<group>"; };
		A172543B281A577F007A9952 /* WishCategory.swift */ = {isa = PBXFileReference; lastKnownFileType = sourcecode.swift; path = WishCategory.swift; sourceTree = "<group>"; };
		A172544D281A5A3A007A9952 /* Link.swift */ = {isa = PBXFileReference; lastKnownFileType = sourcecode.swift; path = Link.swift; sourceTree = "<group>"; };
		A172545A281A6BF7007A9952 /* ManagedWishCategory+CoreDataClass.swift */ = {isa = PBXFileReference; lastKnownFileType = sourcecode.swift; path = "ManagedWishCategory+CoreDataClass.swift"; sourceTree = "<group>"; };
		A172545C281A6BF7007A9952 /* ManagedWishItem+CoreDataClass.swift */ = {isa = PBXFileReference; lastKnownFileType = sourcecode.swift; path = "ManagedWishItem+CoreDataClass.swift"; sourceTree = "<group>"; };
		A172545E281A6BF7007A9952 /* ManagedLink+CoreDataClass.swift */ = {isa = PBXFileReference; lastKnownFileType = sourcecode.swift; path = "ManagedLink+CoreDataClass.swift"; sourceTree = "<group>"; };
		A172545F281A6BF7007A9952 /* ManagedLink+CoreDataProperties.swift */ = {isa = PBXFileReference; lastKnownFileType = sourcecode.swift; path = "ManagedLink+CoreDataProperties.swift"; sourceTree = "<group>"; };
		A19356C02819A9AF00CD041F /* .gitignore */ = {isa = PBXFileReference; lastKnownFileType = text; path = .gitignore; sourceTree = "<group>"; };
		A1B54C8628199FE200E5446E /* NC1.app */ = {isa = PBXFileReference; explicitFileType = wrapper.application; includeInIndex = 0; path = NC1.app; sourceTree = BUILT_PRODUCTS_DIR; };
		A1B54C8928199FE200E5446E /* AppDelegate.swift */ = {isa = PBXFileReference; lastKnownFileType = sourcecode.swift; path = AppDelegate.swift; sourceTree = "<group>"; };
		A1B54C8B28199FE200E5446E /* SceneDelegate.swift */ = {isa = PBXFileReference; lastKnownFileType = sourcecode.swift; path = SceneDelegate.swift; sourceTree = "<group>"; };
		A1B54C8D28199FE200E5446E /* ViewController.swift */ = {isa = PBXFileReference; lastKnownFileType = sourcecode.swift; path = ViewController.swift; sourceTree = "<group>"; };
		A1B54C9028199FE200E5446E /* Base */ = {isa = PBXFileReference; lastKnownFileType = file.storyboard; name = Base; path = Base.lproj/Main.storyboard; sourceTree = "<group>"; };
		A1B54C9328199FE200E5446E /* NC1.xcdatamodel */ = {isa = PBXFileReference; lastKnownFileType = wrapper.xcdatamodel; path = NC1.xcdatamodel; sourceTree = "<group>"; };
		A1B54C9528199FE200E5446E /* Assets.xcassets */ = {isa = PBXFileReference; lastKnownFileType = folder.assetcatalog; path = Assets.xcassets; sourceTree = "<group>"; };
		A1B54C9828199FE200E5446E /* Base */ = {isa = PBXFileReference; lastKnownFileType = file.storyboard; name = Base; path = Base.lproj/LaunchScreen.storyboard; sourceTree = "<group>"; };
		A1B54C9A28199FE200E5446E /* Info.plist */ = {isa = PBXFileReference; lastKnownFileType = text.plist.xml; path = Info.plist; sourceTree = "<group>"; };
/* End PBXFileReference section */

/* Begin PBXFrameworksBuildPhase section */
		A1B54C8328199FE200E5446E /* Frameworks */ = {
			isa = PBXFrameworksBuildPhase;
			buildActionMask = 2147483647;
			files = (
			);
			runOnlyForDeploymentPostprocessing = 0;
		};
/* End PBXFrameworksBuildPhase section */

/* Begin PBXGroup section */
		A12F3C8C281A73C700C022D5 /* Data */ = {
			isa = PBXGroup;
			children = (
				A12F3C8D281A73C700C022D5 /* WishCategoryCoreDataStore.swift */,
				A12F3C8E281A73C700C022D5 /* WishItemStoreProtocol.swift */,
				A12F3C8F281A73C700C022D5 /* WishCategoryStoreProtocol.swift */,
				A12F3C97281A77F400C022D5 /* WishItemCoreDataStore.swift */,
				A12F3C99281A8E9900C022D5 /* WishItemDummyDataStore.swift */,
			);
			path = Data;
			sourceTree = "<group>";
		};
		A12F3C9B281AAFCB00C022D5 /* Observable */ = {
			isa = PBXGroup;
			children = (
				A12F3C9C281AAFDC00C022D5 /* Observer.swift */,
				A12F3C9E281AB05A00C022D5 /* Observable.swift */,
				A12F3CA0281AB17A00C022D5 /* WishItemsObservable.swift */,
			);
			path = Observable;
			sourceTree = "<group>";
		};
		A12F3CB8281AF86800C022D5 /* Views */ = {
			isa = PBXGroup;
			children = (
				A152F2AE281AFB4A003F56B0 /* EditImagesCollectionViewCell.swift */,
				A152F2AF281AFB4A003F56B0 /* EditImagesCollectionViewCell.xib */,
			);
			path = Views;
			sourceTree = "<group>";
		};
		A172544F281A5AD2007A9952 /* CoreData */ = {
			isa = PBXGroup;
			children = (
				A12F3CB4281AF73900C022D5 /* ManagedImage+CoreDataClass.swift */,
				A12F3CB5281AF73900C022D5 /* ManagedImage+CoreDataProperties.swift */,
				A12F3CAC281AF57900C022D5 /* ManagedWishItem+CoreDataProperties.swift */,
				A172545C281A6BF7007A9952 /* ManagedWishItem+CoreDataClass.swift */,
				A172545A281A6BF7007A9952 /* ManagedWishCategory+CoreDataClass.swift */,
				A12F3CA6281AF4BC00C022D5 /* ManagedWishCategory+CoreDataProperties.swift */,
				A172545E281A6BF7007A9952 /* ManagedLink+CoreDataClass.swift */,
				A172545F281A6BF7007A9952 /* ManagedLink+CoreDataProperties.swift */,
			);
			path = CoreData;
			sourceTree = "<group>";
		};
		A1B54C7D28199FE200E5446E = {
			isa = PBXGroup;
			children = (
				A1B54C8828199FE200E5446E /* NC1 */,
				A1B54C8728199FE200E5446E /* Products */,
			);
			sourceTree = "<group>";
		};
		A1B54C8728199FE200E5446E /* Products */ = {
			isa = PBXGroup;
			children = (
				A1B54C8628199FE200E5446E /* NC1.app */,
			);
			name = Products;
			sourceTree = "<group>";
		};
		A1B54C8828199FE200E5446E /* NC1 */ = {
			isa = PBXGroup;
			children = (
				A12F3CB8281AF86800C022D5 /* Views */,
				A12F3C9B281AAFCB00C022D5 /* Observable */,
				A12F3C8C281A73C700C022D5 /* Data */,
				A1B6A9A8281A2BA200C79033 /* Model */,
				A1B54C8B28199FE200E5446E /* SceneDelegate.swift */,
				A1B54C8928199FE200E5446E /* AppDelegate.swift */,
				A1B54C8D28199FE200E5446E /* ViewController.swift */,
				A172540D281A4534007A9952 /* DetailViewController.swift */,
				A1B54C8F28199FE200E5446E /* Main.storyboard */,
				A1B54C9528199FE200E5446E /* Assets.xcassets */,
				A1B54C9728199FE200E5446E /* LaunchScreen.storyboard */,
				A1B54C9A28199FE200E5446E /* Info.plist */,
				A1B54C9228199FE200E5446E /* NC1.xcdatamodeld */,
				A19356C02819A9AF00CD041F /* .gitignore */,
			);
			path = NC1;
			sourceTree = "<group>";
		};
		A1B6A9A8281A2BA200C79033 /* Model */ = {
			isa = PBXGroup;
			children = (
				A172544F281A5AD2007A9952 /* CoreData */,
				A1725439281A5501007A9952 /* WishItem.swift */,
				A172543B281A577F007A9952 /* WishCategory.swift */,
				A172544D281A5A3A007A9952 /* Link.swift */,
			);
			path = Model;
			sourceTree = "<group>";
		};
/* End PBXGroup section */

/* Begin PBXNativeTarget section */
		A1B54C8528199FE200E5446E /* NC1 */ = {
			isa = PBXNativeTarget;
			buildConfigurationList = A1B54C9D28199FE200E5446E /* Build configuration list for PBXNativeTarget "NC1" */;
			buildPhases = (
				A1B54C8228199FE200E5446E /* Sources */,
				A1B54C8328199FE200E5446E /* Frameworks */,
				A1B54C8428199FE200E5446E /* Resources */,
			);
			buildRules = (
			);
			dependencies = (
			);
			name = NC1;
			productName = NC1;
			productReference = A1B54C8628199FE200E5446E /* NC1.app */;
			productType = "com.apple.product-type.application";
		};
/* End PBXNativeTarget section */

/* Begin PBXProject section */
		A1B54C7E28199FE200E5446E /* Project object */ = {
			isa = PBXProject;
			attributes = {
				BuildIndependentTargetsInParallel = 1;
				LastSwiftUpdateCheck = 1330;
				LastUpgradeCheck = 1330;
				TargetAttributes = {
					A1B54C8528199FE200E5446E = {
						CreatedOnToolsVersion = 13.3.1;
					};
				};
			};
			buildConfigurationList = A1B54C8128199FE200E5446E /* Build configuration list for PBXProject "NC1" */;
			compatibilityVersion = "Xcode 13.0";
			developmentRegion = en;
			hasScannedForEncodings = 0;
			knownRegions = (
				en,
				Base,
			);
			mainGroup = A1B54C7D28199FE200E5446E;
			productRefGroup = A1B54C8728199FE200E5446E /* Products */;
			projectDirPath = "";
			projectRoot = "";
			targets = (
				A1B54C8528199FE200E5446E /* NC1 */,
			);
		};
/* End PBXProject section */

/* Begin PBXResourcesBuildPhase section */
		A1B54C8428199FE200E5446E /* Resources */ = {
			isa = PBXResourcesBuildPhase;
			buildActionMask = 2147483647;
			files = (
				A19356C12819A9AF00CD041F /* .gitignore in Resources */,
				A1B54C9928199FE200E5446E /* LaunchScreen.storyboard in Resources */,
				A1B54C9628199FE200E5446E /* Assets.xcassets in Resources */,
				A1B54C9128199FE200E5446E /* Main.storyboard in Resources */,
				A152F2B1281AFB4A003F56B0 /* EditImagesCollectionViewCell.xib in Resources */,
			);
			runOnlyForDeploymentPostprocessing = 0;
		};
/* End PBXResourcesBuildPhase section */

/* Begin PBXSourcesBuildPhase section */
		A1B54C8228199FE200E5446E /* Sources */ = {
			isa = PBXSourcesBuildPhase;
			buildActionMask = 2147483647;
			files = (
				A12F3CA7281AF4BC00C022D5 /* ManagedWishCategory+CoreDataProperties.swift in Sources */,
				A12F3C98281A77F400C022D5 /* WishItemCoreDataStore.swift in Sources */,
				A1B54C8E28199FE200E5446E /* ViewController.swift in Sources */,
				A1B54C8A28199FE200E5446E /* AppDelegate.swift in Sources */,
				A172544E281A5A3A007A9952 /* Link.swift in Sources */,
				A12F3CAF281AF57900C022D5 /* ManagedWishItem+CoreDataProperties.swift in Sources */,
				A12F3CA1281AB17A00C022D5 /* WishItemsObservable.swift in Sources */,
				A1725465281A6BF7007A9952 /* ManagedLink+CoreDataProperties.swift in Sources */,
				A172543A281A5501007A9952 /* WishItem.swift in Sources */,
				A12F3C9A281A8E9900C022D5 /* WishItemDummyDataStore.swift in Sources */,
				A12F3C90281A73C700C022D5 /* WishCategoryCoreDataStore.swift in Sources */,
				A172540E281A4534007A9952 /* DetailViewController.swift in Sources */,
				A1725460281A6BF7007A9952 /* ManagedWishCategory+CoreDataClass.swift in Sources */,
				A1725464281A6BF7007A9952 /* ManagedLink+CoreDataClass.swift in Sources */,
				A12F3C92281A73C700C022D5 /* WishCategoryStoreProtocol.swift in Sources */,
				A1B54C9428199FE200E5446E /* NC1.xcdatamodeld in Sources */,
				A1725462281A6BF7007A9952 /* ManagedWishItem+CoreDataClass.swift in Sources */,
				A12F3C9D281AAFDC00C022D5 /* Observer.swift in Sources */,
				A172543C281A577F007A9952 /* WishCategory.swift in Sources */,
				A12F3CB7281AF73900C022D5 /* ManagedImage+CoreDataProperties.swift in Sources */,
				A152F2B0281AFB4A003F56B0 /* EditImagesCollectionViewCell.swift in Sources */,
				A12F3CB6281AF73900C022D5 /* ManagedImage+CoreDataClass.swift in Sources */,
				A1B54C8C28199FE200E5446E /* SceneDelegate.swift in Sources */,
				A12F3C9F281AB05A00C022D5 /* Observable.swift in Sources */,
				A12F3C91281A73C700C022D5 /* WishItemStoreProtocol.swift in Sources */,
			);
			runOnlyForDeploymentPostprocessing = 0;
		};
/* End PBXSourcesBuildPhase section */

/* Begin PBXVariantGroup section */
		A1B54C8F28199FE200E5446E /* Main.storyboard */ = {
			isa = PBXVariantGroup;
			children = (
				A1B54C9028199FE200E5446E /* Base */,
			);
			name = Main.storyboard;
			sourceTree = "<group>";
		};
		A1B54C9728199FE200E5446E /* LaunchScreen.storyboard */ = {
			isa = PBXVariantGroup;
			children = (
				A1B54C9828199FE200E5446E /* Base */,
			);
			name = LaunchScreen.storyboard;
			sourceTree = "<group>";
		};
/* End PBXVariantGroup section */

/* Begin XCBuildConfiguration section */
		A1B54C9B28199FE200E5446E /* Debug */ = {
			isa = XCBuildConfiguration;
			buildSettings = {
				ALWAYS_SEARCH_USER_PATHS = NO;
				CLANG_ANALYZER_NONNULL = YES;
				CLANG_ANALYZER_NUMBER_OBJECT_CONVERSION = YES_AGGRESSIVE;
				CLANG_CXX_LANGUAGE_STANDARD = "gnu++17";
				CLANG_ENABLE_MODULES = YES;
				CLANG_ENABLE_OBJC_ARC = YES;
				CLANG_ENABLE_OBJC_WEAK = YES;
				CLANG_WARN_BLOCK_CAPTURE_AUTORELEASING = YES;
				CLANG_WARN_BOOL_CONVERSION = YES;
				CLANG_WARN_COMMA = YES;
				CLANG_WARN_CONSTANT_CONVERSION = YES;
				CLANG_WARN_DEPRECATED_OBJC_IMPLEMENTATIONS = YES;
				CLANG_WARN_DIRECT_OBJC_ISA_USAGE = YES_ERROR;
				CLANG_WARN_DOCUMENTATION_COMMENTS = YES;
				CLANG_WARN_EMPTY_BODY = YES;
				CLANG_WARN_ENUM_CONVERSION = YES;
				CLANG_WARN_INFINITE_RECURSION = YES;
				CLANG_WARN_INT_CONVERSION = YES;
				CLANG_WARN_NON_LITERAL_NULL_CONVERSION = YES;
				CLANG_WARN_OBJC_IMPLICIT_RETAIN_SELF = YES;
				CLANG_WARN_OBJC_LITERAL_CONVERSION = YES;
				CLANG_WARN_OBJC_ROOT_CLASS = YES_ERROR;
				CLANG_WARN_QUOTED_INCLUDE_IN_FRAMEWORK_HEADER = YES;
				CLANG_WARN_RANGE_LOOP_ANALYSIS = YES;
				CLANG_WARN_STRICT_PROTOTYPES = YES;
				CLANG_WARN_SUSPICIOUS_MOVE = YES;
				CLANG_WARN_UNGUARDED_AVAILABILITY = YES_AGGRESSIVE;
				CLANG_WARN_UNREACHABLE_CODE = YES;
				CLANG_WARN__DUPLICATE_METHOD_MATCH = YES;
				COPY_PHASE_STRIP = NO;
				DEBUG_INFORMATION_FORMAT = dwarf;
				ENABLE_STRICT_OBJC_MSGSEND = YES;
				ENABLE_TESTABILITY = YES;
				GCC_C_LANGUAGE_STANDARD = gnu11;
				GCC_DYNAMIC_NO_PIC = NO;
				GCC_NO_COMMON_BLOCKS = YES;
				GCC_OPTIMIZATION_LEVEL = 0;
				GCC_PREPROCESSOR_DEFINITIONS = (
					"DEBUG=1",
					"$(inherited)",
				);
				GCC_WARN_64_TO_32_BIT_CONVERSION = YES;
				GCC_WARN_ABOUT_RETURN_TYPE = YES_ERROR;
				GCC_WARN_UNDECLARED_SELECTOR = YES;
				GCC_WARN_UNINITIALIZED_AUTOS = YES_AGGRESSIVE;
				GCC_WARN_UNUSED_FUNCTION = YES;
				GCC_WARN_UNUSED_VARIABLE = YES;
				IPHONEOS_DEPLOYMENT_TARGET = 15.4;
				MTL_ENABLE_DEBUG_INFO = INCLUDE_SOURCE;
				MTL_FAST_MATH = YES;
				ONLY_ACTIVE_ARCH = YES;
				SDKROOT = iphoneos;
				SWIFT_ACTIVE_COMPILATION_CONDITIONS = DEBUG;
				SWIFT_OPTIMIZATION_LEVEL = "-Onone";
			};
			name = Debug;
		};
		A1B54C9C28199FE200E5446E /* Release */ = {
			isa = XCBuildConfiguration;
			buildSettings = {
				ALWAYS_SEARCH_USER_PATHS = NO;
				CLANG_ANALYZER_NONNULL = YES;
				CLANG_ANALYZER_NUMBER_OBJECT_CONVERSION = YES_AGGRESSIVE;
				CLANG_CXX_LANGUAGE_STANDARD = "gnu++17";
				CLANG_ENABLE_MODULES = YES;
				CLANG_ENABLE_OBJC_ARC = YES;
				CLANG_ENABLE_OBJC_WEAK = YES;
				CLANG_WARN_BLOCK_CAPTURE_AUTORELEASING = YES;
				CLANG_WARN_BOOL_CONVERSION = YES;
				CLANG_WARN_COMMA = YES;
				CLANG_WARN_CONSTANT_CONVERSION = YES;
				CLANG_WARN_DEPRECATED_OBJC_IMPLEMENTATIONS = YES;
				CLANG_WARN_DIRECT_OBJC_ISA_USAGE = YES_ERROR;
				CLANG_WARN_DOCUMENTATION_COMMENTS = YES;
				CLANG_WARN_EMPTY_BODY = YES;
				CLANG_WARN_ENUM_CONVERSION = YES;
				CLANG_WARN_INFINITE_RECURSION = YES;
				CLANG_WARN_INT_CONVERSION = YES;
				CLANG_WARN_NON_LITERAL_NULL_CONVERSION = YES;
				CLANG_WARN_OBJC_IMPLICIT_RETAIN_SELF = YES;
				CLANG_WARN_OBJC_LITERAL_CONVERSION = YES;
				CLANG_WARN_OBJC_ROOT_CLASS = YES_ERROR;
				CLANG_WARN_QUOTED_INCLUDE_IN_FRAMEWORK_HEADER = YES;
				CLANG_WARN_RANGE_LOOP_ANALYSIS = YES;
				CLANG_WARN_STRICT_PROTOTYPES = YES;
				CLANG_WARN_SUSPICIOUS_MOVE = YES;
				CLANG_WARN_UNGUARDED_AVAILABILITY = YES_AGGRESSIVE;
				CLANG_WARN_UNREACHABLE_CODE = YES;
				CLANG_WARN__DUPLICATE_METHOD_MATCH = YES;
				COPY_PHASE_STRIP = NO;
				DEBUG_INFORMATION_FORMAT = "dwarf-with-dsym";
				ENABLE_NS_ASSERTIONS = NO;
				ENABLE_STRICT_OBJC_MSGSEND = YES;
				GCC_C_LANGUAGE_STANDARD = gnu11;
				GCC_NO_COMMON_BLOCKS = YES;
				GCC_WARN_64_TO_32_BIT_CONVERSION = YES;
				GCC_WARN_ABOUT_RETURN_TYPE = YES_ERROR;
				GCC_WARN_UNDECLARED_SELECTOR = YES;
				GCC_WARN_UNINITIALIZED_AUTOS = YES_AGGRESSIVE;
				GCC_WARN_UNUSED_FUNCTION = YES;
				GCC_WARN_UNUSED_VARIABLE = YES;
				IPHONEOS_DEPLOYMENT_TARGET = 15.4;
				MTL_ENABLE_DEBUG_INFO = NO;
				MTL_FAST_MATH = YES;
				SDKROOT = iphoneos;
				SWIFT_COMPILATION_MODE = wholemodule;
				SWIFT_OPTIMIZATION_LEVEL = "-O";
				VALIDATE_PRODUCT = YES;
			};
			name = Release;
		};
		A1B54C9E28199FE200E5446E /* Debug */ = {
			isa = XCBuildConfiguration;
			buildSettings = {
				ASSETCATALOG_COMPILER_APPICON_NAME = AppIcon;
				ASSETCATALOG_COMPILER_GLOBAL_ACCENT_COLOR_NAME = AccentColor;
				CODE_SIGN_STYLE = Automatic;
				CURRENT_PROJECT_VERSION = 1;
				GENERATE_INFOPLIST_FILE = YES;
				INFOPLIST_FILE = NC1/Info.plist;
				INFOPLIST_KEY_UIApplicationSupportsIndirectInputEvents = YES;
				INFOPLIST_KEY_UILaunchStoryboardName = LaunchScreen;
				INFOPLIST_KEY_UIMainStoryboardFile = Main;
				INFOPLIST_KEY_UISupportedInterfaceOrientations_iPad = "UIInterfaceOrientationPortrait UIInterfaceOrientationPortraitUpsideDown UIInterfaceOrientationLandscapeLeft UIInterfaceOrientationLandscapeRight";
				INFOPLIST_KEY_UISupportedInterfaceOrientations_iPhone = "UIInterfaceOrientationPortrait UIInterfaceOrientationLandscapeLeft UIInterfaceOrientationLandscapeRight";
				LD_RUNPATH_SEARCH_PATHS = (
					"$(inherited)",
					"@executable_path/Frameworks",
				);
				MARKETING_VERSION = 1.0;
				PRODUCT_BUNDLE_IDENTIFIER = com.salman.NC1;
				PRODUCT_NAME = "$(TARGET_NAME)";
				SWIFT_EMIT_LOC_STRINGS = YES;
				SWIFT_VERSION = 5.0;
				TARGETED_DEVICE_FAMILY = "1,2";
			};
			name = Debug;
		};
		A1B54C9F28199FE200E5446E /* Release */ = {
			isa = XCBuildConfiguration;
			buildSettings = {
				ASSETCATALOG_COMPILER_APPICON_NAME = AppIcon;
				ASSETCATALOG_COMPILER_GLOBAL_ACCENT_COLOR_NAME = AccentColor;
				CODE_SIGN_STYLE = Automatic;
				CURRENT_PROJECT_VERSION = 1;
				GENERATE_INFOPLIST_FILE = YES;
				INFOPLIST_FILE = NC1/Info.plist;
				INFOPLIST_KEY_UIApplicationSupportsIndirectInputEvents = YES;
				INFOPLIST_KEY_UILaunchStoryboardName = LaunchScreen;
				INFOPLIST_KEY_UIMainStoryboardFile = Main;
				INFOPLIST_KEY_UISupportedInterfaceOrientations_iPad = "UIInterfaceOrientationPortrait UIInterfaceOrientationPortraitUpsideDown UIInterfaceOrientationLandscapeLeft UIInterfaceOrientationLandscapeRight";
				INFOPLIST_KEY_UISupportedInterfaceOrientations_iPhone = "UIInterfaceOrientationPortrait UIInterfaceOrientationLandscapeLeft UIInterfaceOrientationLandscapeRight";
				LD_RUNPATH_SEARCH_PATHS = (
					"$(inherited)",
					"@executable_path/Frameworks",
				);
				MARKETING_VERSION = 1.0;
				PRODUCT_BUNDLE_IDENTIFIER = com.salman.NC1;
				PRODUCT_NAME = "$(TARGET_NAME)";
				SWIFT_EMIT_LOC_STRINGS = YES;
				SWIFT_VERSION = 5.0;
				TARGETED_DEVICE_FAMILY = "1,2";
			};
			name = Release;
		};
/* End XCBuildConfiguration section */

/* Begin XCConfigurationList section */
		A1B54C8128199FE200E5446E /* Build configuration list for PBXProject "NC1" */ = {
			isa = XCConfigurationList;
			buildConfigurations = (
				A1B54C9B28199FE200E5446E /* Debug */,
				A1B54C9C28199FE200E5446E /* Release */,
			);
			defaultConfigurationIsVisible = 0;
			defaultConfigurationName = Release;
		};
		A1B54C9D28199FE200E5446E /* Build configuration list for PBXNativeTarget "NC1" */ = {
			isa = XCConfigurationList;
			buildConfigurations = (
				A1B54C9E28199FE200E5446E /* Debug */,
				A1B54C9F28199FE200E5446E /* Release */,
			);
			defaultConfigurationIsVisible = 0;
			defaultConfigurationName = Release;
		};
/* End XCConfigurationList section */

/* Begin XCVersionGroup section */
		A1B54C9228199FE200E5446E /* NC1.xcdatamodeld */ = {
			isa = XCVersionGroup;
			children = (
				A1B54C9328199FE200E5446E /* NC1.xcdatamodel */,
			);
			currentVersion = A1B54C9328199FE200E5446E /* NC1.xcdatamodel */;
			path = NC1.xcdatamodeld;
			sourceTree = "<group>";
			versionGroupType = wrapper.xcdatamodel;
		};
/* End XCVersionGroup section */
	};
	rootObject = A1B54C7E28199FE200E5446E /* Project object */;
}
